
Microsoft Visual Studio Solution File, Format Version 12.00
# Visual Studio Version 16
VisualStudioVersion = 16.0.31313.79
MinimumVisualStudioVersion = 10.0.40219.1
Project("{FAE04EC0-301F-11D3-BF4B-00C04F79EFBC}") = "CoreDemo", "CoreDemo\CoreDemo.csproj", "{92E69E27-24A6-4F0E-952E-85CFA90DA653}"
EndProject
Project("{FAE04EC0-301F-11D3-BF4B-00C04F79EFBC}") = "EntityLayer", "EntityLayer\EntityLayer.csproj", "{708AF521-CDF2-4444-AB8D-4C7EBF08B38C}"
EndProject
Project("{FAE04EC0-301F-11D3-BF4B-00C04F79EFBC}") = "DataAccessLayer", "DataAccessLayer\DataAccessLayer.csproj", "{15ED59B0-EBBE-451D-B21C-E1A5BA51AF94}"
EndProject
Project("{FAE04EC0-301F-11D3-BF4B-00C04F79EFBC}") = "BussinessLayer", "BussinessLayer\BussinessLayer.csproj", "{9C5BE0B1-080A-413C-80B3-077E318AF392}"
EndProject
Project("{FAE04EC0-301F-11D3-BF4B-00C04F79EFBC}") = "CoreLayer", "CoreLayer\CoreLayer.csproj", "{E7553452-0F42-4CD2-8F6A-9DCB0C69C515}"
EndProject
Global
	GlobalSection(SolutionConfigurationPlatforms) = preSolution
		Debug|Any CPU = Debug|Any CPU
		Release|Any CPU = Release|Any CPU
	EndGlobalSection
	GlobalSection(ProjectConfigurationPlatforms) = postSolution
		{92E69E27-24A6-4F0E-952E-85CFA90DA653}.Debug|Any CPU.ActiveCfg = Debug|Any CPU
		{92E69E27-24A6-4F0E-952E-85CFA90DA653}.Debug|Any CPU.Build.0 = Debug|Any CPU
		{92E69E27-24A6-4F0E-952E-85CFA90DA653}.Release|Any CPU.ActiveCfg = Release|Any CPU
		{92E69E27-24A6-4F0E-952E-85CFA90DA653}.Release|Any CPU.Build.0 = Release|Any CPU
		{708AF521-CDF2-4444-AB8D-4C7EBF08B38C}.Debug|Any CPU.ActiveCfg = Debug|Any CPU
		{708AF521-CDF2-4444-AB8D-4C7EBF08B38C}.Debug|Any CPU.Build.0 = Debug|Any CPU
		{708AF521-CDF2-4444-AB8D-4C7EBF08B38C}.Release|Any CPU.ActiveCfg = Release|Any CPU
		{708AF521-CDF2-4444-AB8D-4C7EBF08B38C}.Release|Any CPU.Build.0 = Release|Any CPU
		{15ED59B0-EBBE-451D-B21C-E1A5BA51AF94}.Debug|Any CPU.ActiveCfg = Debug|Any CPU
		{15ED59B0-EBBE-451D-B21C-E1A5BA51AF94}.Debug|Any CPU.Build.0 = Debug|Any CPU
		{15ED59B0-EBBE-451D-B21C-E1A5BA51AF94}.Release|Any CPU.ActiveCfg = Release|Any CPU
		{15ED59B0-EBBE-451D-B21C-E1A5BA51AF94}.Release|Any CPU.Build.0 = Release|Any CPU
		{9C5BE0B1-080A-413C-80B3-077E318AF392}.Debug|Any CPU.ActiveCfg = Debug|Any CPU
		{9C5BE0B1-080A-413C-80B3-077E318AF392}.Debug|Any CPU.Build.0 = Debug|Any CPU
		{9C5BE0B1-080A-413C-80B3-077E318AF392}.Release|Any CPU.ActiveCfg = Release|Any CPU
		{9C5BE0B1-080A-413C-80B3-077E318AF392}.Release|Any CPU.Build.0 = Release|Any CPU
		{E7553452-0F42-4CD2-8F6A-9DCB0C69C515}.Debug|Any CPU.ActiveCfg = Debug|Any CPU
		{E7553452-0F42-4CD2-8F6A-9DCB0C69C515}.Debug|Any CPU.Build.0 = Debug|Any CPU
		{E7553452-0F42-4CD2-8F6A-9DCB0C69C515}.Release|Any CPU.ActiveCfg = Release|Any CPU
		{E7553452-0F42-4CD2-8F6A-9DCB0C69C515}.Release|Any CPU.Build.0 = Release|Any CPU
	EndGlobalSection
	GlobalSection(SolutionProperties) = preSolution
		HideSolutionNode = FALSE
	EndGlobalSection
	GlobalSection(ExtensibilityGlobals) = postSolution
		SolutionGuid = {3CB778A6-77F5-4221-AEB6-6D9ECB2098F8}
	EndGlobalSection
EndGlobal
